
Microsoft Visual Studio Solution File, Format Version 12.00
# Visual Studio Version 17
VisualStudioVersion = 17.7.34003.232
MinimumVisualStudioVersion = 10.0.40219.1
Project("{FAE04EC0-301F-11D3-BF4B-00C04F79EFBC}") = "MVC_Lap3", "MVC_Lap3.csproj", "{BC58C4D7-D293-41FD-A618-5E72BE5ABCAD}"
EndProject
Global
	GlobalSection(SolutionConfigurationPlatforms) = preSolution
		Debug|Any CPU = Debug|Any CPU
		Release|Any CPU = Release|Any CPU
	EndGlobalSection
	GlobalSection(ProjectConfigurationPlatforms) = postSolution
		{BC58C4D7-D293-41FD-A618-5E72BE5ABCAD}.Debug|Any CPU.ActiveCfg = Debug|Any CPU
		{BC58C4D7-D293-41FD-A618-5E72BE5ABCAD}.Debug|Any CPU.Build.0 = Debug|Any CPU
		{BC58C4D7-D293-41FD-A618-5E72BE5ABCAD}.Release|Any CPU.ActiveCfg = Release|Any CPU
		{BC58C4D7-D293-41FD-A618-5E72BE5ABCAD}.Release|Any CPU.Build.0 = Release|Any CPU
	EndGlobalSection
	GlobalSection(SolutionProperties) = preSolution
		HideSolutionNode = FALSE
	EndGlobalSection
	GlobalSection(ExtensibilityGlobals) = postSolution
		SolutionGuid = {FADCE2E4-F700-4D72-A9D1-DCE142F9242B}
	EndGlobalSection
EndGlobal
